
Microsoft Visual Studio Solution File, Format Version 12.00
Project("{FAE04EC0-301F-11D3-BF4B-00C04F79EFBC}") = "WebApiEnums", "WebApiEnums\WebApiEnums.csproj", "{C02B23E4-FF54-4640-8623-95F6667FDF00}"
EndProject
Global
	GlobalSection(SolutionConfigurationPlatforms) = preSolution
		Debug|Any CPU = Debug|Any CPU
		Release|Any CPU = Release|Any CPU
	EndGlobalSection
	GlobalSection(ProjectConfigurationPlatforms) = postSolution
		{C02B23E4-FF54-4640-8623-95F6667FDF00}.Debug|Any CPU.ActiveCfg = Debug|Any CPU
		{C02B23E4-FF54-4640-8623-95F6667FDF00}.Debug|Any CPU.Build.0 = Debug|Any CPU
		{C02B23E4-FF54-4640-8623-95F6667FDF00}.Release|Any CPU.ActiveCfg = Release|Any CPU
		{C02B23E4-FF54-4640-8623-95F6667FDF00}.Release|Any CPU.Build.0 = Release|Any CPU
	EndGlobalSection
EndGlobal
